
Microsoft Visual Studio Solution File, Format Version 12.00
# Visual Studio Version 17
VisualStudioVersion = 17.9.34728.123
MinimumVisualStudioVersion = 10.0.40219.1
Project("{FAE04EC0-301F-11D3-BF4B-00C04F79EFBC}") = "CollageApp", "CollageApp\CollageApp.csproj", "{D314EA9A-33AA-4238-A791-1DAF71A987A1}"
EndProject
Global
	GlobalSection(SolutionConfigurationPlatforms) = preSolution
		Debug|Any CPU = Debug|Any CPU
		Release|Any CPU = Release|Any CPU
	EndGlobalSection
	GlobalSection(ProjectConfigurationPlatforms) = postSolution
		{D314EA9A-33AA-4238-A791-1DAF71A987A1}.Debug|Any CPU.ActiveCfg = Debug|Any CPU
		{D314EA9A-33AA-4238-A791-1DAF71A987A1}.Debug|Any CPU.Build.0 = Debug|Any CPU
		{D314EA9A-33AA-4238-A791-1DAF71A987A1}.Release|Any CPU.ActiveCfg = Release|Any CPU
		{D314EA9A-33AA-4238-A791-1DAF71A987A1}.Release|Any CPU.Build.0 = Release|Any CPU
	EndGlobalSection
	GlobalSection(SolutionProperties) = preSolution
		HideSolutionNode = FALSE
	EndGlobalSection
	GlobalSection(ExtensibilityGlobals) = postSolution
		SolutionGuid = {40FAA377-8063-414D-BDFE-07CAD81BAC46}
	EndGlobalSection
EndGlobal
